
Microsoft Visual Studio Solution File, Format Version 12.00
# Visual Studio 15
VisualStudioVersion = 15.0.28307.102
MinimumVisualStudioVersion = 10.0.40219.1
Project("{FAE04EC0-301F-11D3-BF4B-00C04F79EFBC}") = "SmartHouse", "SmartHouse\SmartHouse.csproj", "{9CDBBBC5-6A0D-44E2-B525-C9F78843D1D3}"
EndProject
Global
	GlobalSection(SolutionConfigurationPlatforms) = preSolution
		Debug|Any CPU = Debug|Any CPU
		Release|Any CPU = Release|Any CPU
	EndGlobalSection
	GlobalSection(ProjectConfigurationPlatforms) = postSolution
		{9CDBBBC5-6A0D-44E2-B525-C9F78843D1D3}.Debug|Any CPU.ActiveCfg = Debug|Any CPU
		{9CDBBBC5-6A0D-44E2-B525-C9F78843D1D3}.Debug|Any CPU.Build.0 = Debug|Any CPU
		{9CDBBBC5-6A0D-44E2-B525-C9F78843D1D3}.Release|Any CPU.ActiveCfg = Release|Any CPU
		{9CDBBBC5-6A0D-44E2-B525-C9F78843D1D3}.Release|Any CPU.Build.0 = Release|Any CPU
	EndGlobalSection
	GlobalSection(SolutionProperties) = preSolution
		HideSolutionNode = FALSE
	EndGlobalSection
	GlobalSection(ExtensibilityGlobals) = postSolution
		SolutionGuid = {A7F3C7AD-A031-4689-81BC-6703864ABCFE}
	EndGlobalSection
EndGlobal
